// !$*UTF8*$!
{
	archiveVersion = 1;
	classes = {
	};
	objectVersion = 46;
	objects = {

/* Begin PBXBuildFile section */
		3863B5A91D682BE1006C60AA /* WelcomeViewController.swift in Sources */ = {isa = PBXBuildFile; fileRef = 3863B5A81D682BE1006C60AA /* WelcomeViewController.swift */; };
		387F86F41D4D25CE00A5BAD9 /* GeoFire.m in Sources */ = {isa = PBXBuildFile; fileRef = 387F86EB1D4D25CE00A5BAD9 /* GeoFire.m */; };
		387F86F51D4D25CE00A5BAD9 /* GFBase32Utils.m in Sources */ = {isa = PBXBuildFile; fileRef = 387F86ED1D4D25CE00A5BAD9 /* GFBase32Utils.m */; };
		387F86F61D4D25CE00A5BAD9 /* GFGeoHash.m in Sources */ = {isa = PBXBuildFile; fileRef = 387F86EF1D4D25CE00A5BAD9 /* GFGeoHash.m */; };
		387F86F71D4D25CE00A5BAD9 /* GFGeoHashQuery.m in Sources */ = {isa = PBXBuildFile; fileRef = 387F86F11D4D25CE00A5BAD9 /* GFGeoHashQuery.m */; };
		387F86F81D4D25CE00A5BAD9 /* GFQuery.m in Sources */ = {isa = PBXBuildFile; fileRef = 387F86F31D4D25CE00A5BAD9 /* GFQuery.m */; };
		38BC3CD81D4D34DC0055602B /* ListTableViewController.swift in Sources */ = {isa = PBXBuildFile; fileRef = 38BC3CD71D4D34DC0055602B /* ListTableViewController.swift */; };
		38C1A4711D4CE253006142C3 /* MapViewController.swift in Sources */ = {isa = PBXBuildFile; fileRef = 38C1A4701D4CE253006142C3 /* MapViewController.swift */; };
		38EC273A1D67A64300BF8D6B /* AddFlyPostrViewController.swift in Sources */ = {isa = PBXBuildFile; fileRef = 38EC27391D67A64300BF8D6B /* AddFlyPostrViewController.swift */; };
		38F7B6781D3180DA00E3FFE8 /* AppDelegate.swift in Sources */ = {isa = PBXBuildFile; fileRef = 38F7B6771D3180DA00E3FFE8 /* AppDelegate.swift */; };
		38F7B67A1D3180DA00E3FFE8 /* ViewController.swift in Sources */ = {isa = PBXBuildFile; fileRef = 38F7B6791D3180DA00E3FFE8 /* ViewController.swift */; };
		38F7B67D1D3180DA00E3FFE8 /* Main.storyboard in Resources */ = {isa = PBXBuildFile; fileRef = 38F7B67B1D3180DA00E3FFE8 /* Main.storyboard */; };
		38F7B67F1D3180DA00E3FFE8 /* Assets.xcassets in Resources */ = {isa = PBXBuildFile; fileRef = 38F7B67E1D3180DA00E3FFE8 /* Assets.xcassets */; };
		38F7B6821D3180DA00E3FFE8 /* LaunchScreen.storyboard in Resources */ = {isa = PBXBuildFile; fileRef = 38F7B6801D3180DA00E3FFE8 /* LaunchScreen.storyboard */; };
		38F7B68C1D3183B100E3FFE8 /* GoogleService-Info.plist in Resources */ = {isa = PBXBuildFile; fileRef = 38F7B68B1D3183B100E3FFE8 /* GoogleService-Info.plist */; };
		7F1308E8382A6E46C0514AB3 /* Pods_Flypostr_iOS.framework in Frameworks */ = {isa = PBXBuildFile; fileRef = 2C8C2DC7BAE2D69FFC9C2BEF /* Pods_Flypostr_iOS.framework */; };
/* End PBXBuildFile section */

/* Begin PBXFileReference section */
		2C8C2DC7BAE2D69FFC9C2BEF /* Pods_Flypostr_iOS.framework */ = {isa = PBXFileReference; explicitFileType = wrapper.framework; includeInIndex = 0; path = Pods_Flypostr_iOS.framework; sourceTree = BUILT_PRODUCTS_DIR; };
		3827526F1D4CEB7F00E77E56 /* Flypostr-iOS-Bridging-Header.h */ = {isa = PBXFileReference; lastKnownFileType = sourcecode.c.h; path = "Flypostr-iOS-Bridging-Header.h"; sourceTree = "<group>"; };
		3863B5A81D682BE1006C60AA /* WelcomeViewController.swift */ = {isa = PBXFileReference; fileEncoding = 4; lastKnownFileType = sourcecode.swift; path = WelcomeViewController.swift; sourceTree = "<group>"; };
		387F86E41D4D25CE00A5BAD9 /* GeoFire.h */ = {isa = PBXFileReference; fileEncoding = 4; lastKnownFileType = sourcecode.c.h; path = GeoFire.h; sourceTree = "<group>"; };
		387F86E51D4D25CE00A5BAD9 /* GFCircleQuery.h */ = {isa = PBXFileReference; fileEncoding = 4; lastKnownFileType = sourcecode.c.h; path = GFCircleQuery.h; sourceTree = "<group>"; };
		387F86E61D4D25CE00A5BAD9 /* GFQuery.h */ = {isa = PBXFileReference; fileEncoding = 4; lastKnownFileType = sourcecode.c.h; path = GFQuery.h; sourceTree = "<group>"; };
		387F86E71D4D25CE00A5BAD9 /* GFRegionQuery.h */ = {isa = PBXFileReference; fileEncoding = 4; lastKnownFileType = sourcecode.c.h; path = GFRegionQuery.h; sourceTree = "<group>"; };
		387F86E81D4D25CE00A5BAD9 /* GeoFire-Prefix.pch */ = {isa = PBXFileReference; fileEncoding = 4; lastKnownFileType = sourcecode.c.h; path = "GeoFire-Prefix.pch"; sourceTree = "<group>"; };
		387F86EA1D4D25CE00A5BAD9 /* GeoFire+Private.h */ = {isa = PBXFileReference; fileEncoding = 4; lastKnownFileType = sourcecode.c.h; path = "GeoFire+Private.h"; sourceTree = "<group>"; };
		387F86EB1D4D25CE00A5BAD9 /* GeoFire.m */ = {isa = PBXFileReference; fileEncoding = 4; lastKnownFileType = sourcecode.c.objc; path = GeoFire.m; sourceTree = "<group>"; };
		387F86EC1D4D25CE00A5BAD9 /* GFBase32Utils.h */ = {isa = PBXFileReference; fileEncoding = 4; lastKnownFileType = sourcecode.c.h; path = GFBase32Utils.h; sourceTree = "<group>"; };
		387F86ED1D4D25CE00A5BAD9 /* GFBase32Utils.m */ = {isa = PBXFileReference; fileEncoding = 4; lastKnownFileType = sourcecode.c.objc; path = GFBase32Utils.m; sourceTree = "<group>"; };
		387F86EE1D4D25CE00A5BAD9 /* GFGeoHash.h */ = {isa = PBXFileReference; fileEncoding = 4; lastKnownFileType = sourcecode.c.h; path = GFGeoHash.h; sourceTree = "<group>"; };
		387F86EF1D4D25CE00A5BAD9 /* GFGeoHash.m */ = {isa = PBXFileReference; fileEncoding = 4; lastKnownFileType = sourcecode.c.objc; path = GFGeoHash.m; sourceTree = "<group>"; };
		387F86F01D4D25CE00A5BAD9 /* GFGeoHashQuery.h */ = {isa = PBXFileReference; fileEncoding = 4; lastKnownFileType = sourcecode.c.h; path = GFGeoHashQuery.h; sourceTree = "<group>"; };
		387F86F11D4D25CE00A5BAD9 /* GFGeoHashQuery.m */ = {isa = PBXFileReference; fileEncoding = 4; lastKnownFileType = sourcecode.c.objc; path = GFGeoHashQuery.m; sourceTree = "<group>"; };
		387F86F21D4D25CE00A5BAD9 /* GFQuery+Private.h */ = {isa = PBXFileReference; fileEncoding = 4; lastKnownFileType = sourcecode.c.h; path = "GFQuery+Private.h"; sourceTree = "<group>"; };
		387F86F31D4D25CE00A5BAD9 /* GFQuery.m */ = {isa = PBXFileReference; fileEncoding = 4; lastKnownFileType = sourcecode.c.objc; path = GFQuery.m; sourceTree = "<group>"; };
		38BC3CD71D4D34DC0055602B /* ListTableViewController.swift */ = {isa = PBXFileReference; fileEncoding = 4; lastKnownFileType = sourcecode.swift; path = ListTableViewController.swift; sourceTree = "<group>"; };
		38C1A4701D4CE253006142C3 /* MapViewController.swift */ = {isa = PBXFileReference; fileEncoding = 4; lastKnownFileType = sourcecode.swift; path = MapViewController.swift; sourceTree = "<group>"; };
		38EC27391D67A64300BF8D6B /* AddFlyPostrViewController.swift */ = {isa = PBXFileReference; fileEncoding = 4; lastKnownFileType = sourcecode.swift; path = AddFlyPostrViewController.swift; sourceTree = "<group>"; };
		38F7B6741D3180D900E3FFE8 /* Flypostr-iOS.app */ = {isa = PBXFileReference; explicitFileType = wrapper.application; includeInIndex = 0; path = "Flypostr-iOS.app"; sourceTree = BUILT_PRODUCTS_DIR; };
		38F7B6771D3180DA00E3FFE8 /* AppDelegate.swift */ = {isa = PBXFileReference; lastKnownFileType = sourcecode.swift; path = AppDelegate.swift; sourceTree = "<group>"; };
		38F7B6791D3180DA00E3FFE8 /* ViewController.swift */ = {isa = PBXFileReference; lastKnownFileType = sourcecode.swift; path = ViewController.swift; sourceTree = "<group>"; };
		38F7B67C1D3180DA00E3FFE8 /* Base */ = {isa = PBXFileReference; lastKnownFileType = file.storyboard; name = Base; path = Base.lproj/Main.storyboard; sourceTree = "<group>"; };
		38F7B67E1D3180DA00E3FFE8 /* Assets.xcassets */ = {isa = PBXFileReference; lastKnownFileType = folder.assetcatalog; path = Assets.xcassets; sourceTree = "<group>"; };
		38F7B6811D3180DA00E3FFE8 /* Base */ = {isa = PBXFileReference; lastKnownFileType = file.storyboard; name = Base; path = Base.lproj/LaunchScreen.storyboard; sourceTree = "<group>"; };
		38F7B6831D3180DA00E3FFE8 /* Info.plist */ = {isa = PBXFileReference; lastKnownFileType = text.plist.xml; path = Info.plist; sourceTree = "<group>"; };
		38F7B68B1D3183B100E3FFE8 /* GoogleService-Info.plist */ = {isa = PBXFileReference; fileEncoding = 4; lastKnownFileType = text.plist.xml; path = "GoogleService-Info.plist"; sourceTree = "<group>"; };
		41FE56501B7A1E708ABB7C46 /* Pods-Flypostr-iOS.release.xcconfig */ = {isa = PBXFileReference; includeInIndex = 1; lastKnownFileType = text.xcconfig; name = "Pods-Flypostr-iOS.release.xcconfig"; path = "Pods/Target Support Files/Pods-Flypostr-iOS/Pods-Flypostr-iOS.release.xcconfig"; sourceTree = "<group>"; };
		C85923C9B276E699EC78348A /* Pods-Flypostr-iOS.debug.xcconfig */ = {isa = PBXFileReference; includeInIndex = 1; lastKnownFileType = text.xcconfig; name = "Pods-Flypostr-iOS.debug.xcconfig"; path = "Pods/Target Support Files/Pods-Flypostr-iOS/Pods-Flypostr-iOS.debug.xcconfig"; sourceTree = "<group>"; };
/* End PBXFileReference section */

/* Begin PBXFrameworksBuildPhase section */
		38F7B6711D3180D900E3FFE8 /* Frameworks */ = {
			isa = PBXFrameworksBuildPhase;
			buildActionMask = 2147483647;
			files = (
				7F1308E8382A6E46C0514AB3 /* Pods_Flypostr_iOS.framework in Frameworks */,
			);
			runOnlyForDeploymentPostprocessing = 0;
		};
/* End PBXFrameworksBuildPhase section */

/* Begin PBXGroup section */
		387F86E21D4D25CE00A5BAD9 /* GeoFire */ = {
			isa = PBXGroup;
			children = (
				387F86E31D4D25CE00A5BAD9 /* API */,
				387F86E81D4D25CE00A5BAD9 /* GeoFire-Prefix.pch */,
				387F86E91D4D25CE00A5BAD9 /* Implementation */,
			);
			path = GeoFire;
			sourceTree = "<group>";
		};
		387F86E31D4D25CE00A5BAD9 /* API */ = {
			isa = PBXGroup;
			children = (
				387F86E41D4D25CE00A5BAD9 /* GeoFire.h */,
				387F86E51D4D25CE00A5BAD9 /* GFCircleQuery.h */,
				387F86E61D4D25CE00A5BAD9 /* GFQuery.h */,
				387F86E71D4D25CE00A5BAD9 /* GFRegionQuery.h */,
			);
			path = API;
			sourceTree = "<group>";
		};
		387F86E91D4D25CE00A5BAD9 /* Implementation */ = {
			isa = PBXGroup;
			children = (
				387F86EA1D4D25CE00A5BAD9 /* GeoFire+Private.h */,
				387F86EB1D4D25CE00A5BAD9 /* GeoFire.m */,
				387F86EC1D4D25CE00A5BAD9 /* GFBase32Utils.h */,
				387F86ED1D4D25CE00A5BAD9 /* GFBase32Utils.m */,
				387F86EE1D4D25CE00A5BAD9 /* GFGeoHash.h */,
				387F86EF1D4D25CE00A5BAD9 /* GFGeoHash.m */,
				387F86F01D4D25CE00A5BAD9 /* GFGeoHashQuery.h */,
				387F86F11D4D25CE00A5BAD9 /* GFGeoHashQuery.m */,
				387F86F21D4D25CE00A5BAD9 /* GFQuery+Private.h */,
				387F86F31D4D25CE00A5BAD9 /* GFQuery.m */,
			);
			path = Implementation;
			sourceTree = "<group>";
		};
		38F7B66B1D3180D900E3FFE8 = {
			isa = PBXGroup;
			children = (
				38F7B6761D3180DA00E3FFE8 /* Flypostr-iOS */,
				38F7B6751D3180D900E3FFE8 /* Products */,
				B68A0EEE6716412368F4669C /* Pods */,
				E5A4A9C2E52C4FE7D72E9261 /* Frameworks */,
			);
			sourceTree = "<group>";
		};
		38F7B6751D3180D900E3FFE8 /* Products */ = {
			isa = PBXGroup;
			children = (
				38F7B6741D3180D900E3FFE8 /* Flypostr-iOS.app */,
			);
			name = Products;
			sourceTree = "<group>";
		};
		38F7B6761D3180DA00E3FFE8 /* Flypostr-iOS */ = {
			isa = PBXGroup;
			children = (
				387F86E21D4D25CE00A5BAD9 /* GeoFire */,
				38F7B6771D3180DA00E3FFE8 /* AppDelegate.swift */,
				38F7B6791D3180DA00E3FFE8 /* ViewController.swift */,
				38F7B67B1D3180DA00E3FFE8 /* Main.storyboard */,
				38F7B67E1D3180DA00E3FFE8 /* Assets.xcassets */,
				38F7B6801D3180DA00E3FFE8 /* LaunchScreen.storyboard */,
				38F7B6831D3180DA00E3FFE8 /* Info.plist */,
				38F7B68B1D3183B100E3FFE8 /* GoogleService-Info.plist */,
				38C1A4701D4CE253006142C3 /* MapViewController.swift */,
				38BC3CD71D4D34DC0055602B /* ListTableViewController.swift */,
				3827526F1D4CEB7F00E77E56 /* Flypostr-iOS-Bridging-Header.h */,
				38EC27391D67A64300BF8D6B /* AddFlyPostrViewController.swift */,
				3863B5A81D682BE1006C60AA /* WelcomeViewController.swift */,
			);
			path = "Flypostr-iOS";
			sourceTree = "<group>";
		};
		B68A0EEE6716412368F4669C /* Pods */ = {
			isa = PBXGroup;
			children = (
				C85923C9B276E699EC78348A /* Pods-Flypostr-iOS.debug.xcconfig */,
				41FE56501B7A1E708ABB7C46 /* Pods-Flypostr-iOS.release.xcconfig */,
			);
			name = Pods;
			sourceTree = "<group>";
		};
		E5A4A9C2E52C4FE7D72E9261 /* Frameworks */ = {
			isa = PBXGroup;
			children = (
				2C8C2DC7BAE2D69FFC9C2BEF /* Pods_Flypostr_iOS.framework */,
			);
			name = Frameworks;
			sourceTree = "<group>";
		};
/* End PBXGroup section */

/* Begin PBXNativeTarget section */
		38F7B6731D3180D900E3FFE8 /* Flypostr-iOS */ = {
			isa = PBXNativeTarget;
			buildConfigurationList = 38F7B6861D3180DA00E3FFE8 /* Build configuration list for PBXNativeTarget "Flypostr-iOS" */;
			buildPhases = (
				994C980B22803195AB65EC86 /* [CP] Check Pods Manifest.lock */,
				38F7B6701D3180D900E3FFE8 /* Sources */,
				38F7B6711D3180D900E3FFE8 /* Frameworks */,
				38F7B6721D3180D900E3FFE8 /* Resources */,
				31520B106D2DA9379DC69F19 /* [CP] Embed Pods Frameworks */,
				744151FECC94828AB126D4AD /* [CP] Copy Pods Resources */,
			);
			buildRules = (
			);
			dependencies = (
			);
			name = "Flypostr-iOS";
			productName = "Flypostr-iOS";
			productReference = 38F7B6741D3180D900E3FFE8 /* Flypostr-iOS.app */;
			productType = "com.apple.product-type.application";
		};
/* End PBXNativeTarget section */

/* Begin PBXProject section */
		38F7B66C1D3180D900E3FFE8 /* Project object */ = {
			isa = PBXProject;
			attributes = {
				LastSwiftUpdateCheck = 0730;
				LastUpgradeCheck = 0730;
				ORGANIZATIONNAME = itcc;
				TargetAttributes = {
					38F7B6731D3180D900E3FFE8 = {
						CreatedOnToolsVersion = 7.3.1;
						DevelopmentTeam = 77A39SLHLN;
					};
				};
			};
			buildConfigurationList = 38F7B66F1D3180D900E3FFE8 /* Build configuration list for PBXProject "Flypostr-iOS" */;
			compatibilityVersion = "Xcode 3.2";
			developmentRegion = English;
			hasScannedForEncodings = 0;
			knownRegions = (
				en,
				Base,
			);
			mainGroup = 38F7B66B1D3180D900E3FFE8;
			productRefGroup = 38F7B6751D3180D900E3FFE8 /* Products */;
			projectDirPath = "";
			projectRoot = "";
			targets = (
				38F7B6731D3180D900E3FFE8 /* Flypostr-iOS */,
			);
		};
/* End PBXProject section */

/* Begin PBXResourcesBuildPhase section */
		38F7B6721D3180D900E3FFE8 /* Resources */ = {
			isa = PBXResourcesBuildPhase;
			buildActionMask = 2147483647;
			files = (
				38F7B6821D3180DA00E3FFE8 /* LaunchScreen.storyboard in Resources */,
				38F7B68C1D3183B100E3FFE8 /* GoogleService-Info.plist in Resources */,
				38F7B67F1D3180DA00E3FFE8 /* Assets.xcassets in Resources */,
				38F7B67D1D3180DA00E3FFE8 /* Main.storyboard in Resources */,
			);
			runOnlyForDeploymentPostprocessing = 0;
		};
/* End PBXResourcesBuildPhase section */

/* Begin PBXShellScriptBuildPhase section */
		31520B106D2DA9379DC69F19 /* [CP] Embed Pods Frameworks */ = {
			isa = PBXShellScriptBuildPhase;
			buildActionMask = 2147483647;
			files = (
			);
			inputPaths = (
			);
			name = "[CP] Embed Pods Frameworks";
			outputPaths = (
			);
			runOnlyForDeploymentPostprocessing = 0;
			shellPath = /bin/sh;
			shellScript = "\"${SRCROOT}/Pods/Target Support Files/Pods-Flypostr-iOS/Pods-Flypostr-iOS-frameworks.sh\"\n";
			showEnvVarsInLog = 0;
		};
		744151FECC94828AB126D4AD /* [CP] Copy Pods Resources */ = {
			isa = PBXShellScriptBuildPhase;
			buildActionMask = 2147483647;
			files = (
			);
			inputPaths = (
			);
			name = "[CP] Copy Pods Resources";
			outputPaths = (
			);
			runOnlyForDeploymentPostprocessing = 0;
			shellPath = /bin/sh;
			shellScript = "\"${SRCROOT}/Pods/Target Support Files/Pods-Flypostr-iOS/Pods-Flypostr-iOS-resources.sh\"\n";
			showEnvVarsInLog = 0;
		};
		994C980B22803195AB65EC86 /* [CP] Check Pods Manifest.lock */ = {
			isa = PBXShellScriptBuildPhase;
			buildActionMask = 2147483647;
			files = (
			);
			inputPaths = (
			);
			name = "[CP] Check Pods Manifest.lock";
			outputPaths = (
			);
			runOnlyForDeploymentPostprocessing = 0;
			shellPath = /bin/sh;
			shellScript = "diff \"${PODS_ROOT}/../Podfile.lock\" \"${PODS_ROOT}/Manifest.lock\" > /dev/null\nif [[ $? != 0 ]] ; then\n    cat << EOM\nerror: The sandbox is not in sync with the Podfile.lock. Run 'pod install' or update your CocoaPods installation.\nEOM\n    exit 1\nfi\n";
			showEnvVarsInLog = 0;
		};
/* End PBXShellScriptBuildPhase section */

/* Begin PBXSourcesBuildPhase section */
		38F7B6701D3180D900E3FFE8 /* Sources */ = {
			isa = PBXSourcesBuildPhase;
			buildActionMask = 2147483647;
			files = (
				38F7B67A1D3180DA00E3FFE8 /* ViewController.swift in Sources */,
				38EC273A1D67A64300BF8D6B /* AddFlyPostrViewController.swift in Sources */,
				3863B5A91D682BE1006C60AA /* WelcomeViewController.swift in Sources */,
				387F86F51D4D25CE00A5BAD9 /* GFBase32Utils.m in Sources */,
				387F86F71D4D25CE00A5BAD9 /* GFGeoHashQuery.m in Sources */,
				387F86F41D4D25CE00A5BAD9 /* GeoFire.m in Sources */,
				38C1A4711D4CE253006142C3 /* MapViewController.swift in Sources */,
				387F86F61D4D25CE00A5BAD9 /* GFGeoHash.m in Sources */,
				38BC3CD81D4D34DC0055602B /* ListTableViewController.swift in Sources */,
				38F7B6781D3180DA00E3FFE8 /* AppDelegate.swift in Sources */,
				387F86F81D4D25CE00A5BAD9 /* GFQuery.m in Sources */,
			);
			runOnlyForDeploymentPostprocessing = 0;
		};
/* End PBXSourcesBuildPhase section */

/* Begin PBXVariantGroup section */
		38F7B67B1D3180DA00E3FFE8 /* Main.storyboard */ = {
			isa = PBXVariantGroup;
			children = (
				38F7B67C1D3180DA00E3FFE8 /* Base */,
			);
			name = Main.storyboard;
			sourceTree = "<group>";
		};
		38F7B6801D3180DA00E3FFE8 /* LaunchScreen.storyboard */ = {
			isa = PBXVariantGroup;
			children = (
				38F7B6811D3180DA00E3FFE8 /* Base */,
			);
			name = LaunchScreen.storyboard;
			sourceTree = "<group>";
		};
/* End PBXVariantGroup section */

/* Begin XCBuildConfiguration section */
		38F7B6841D3180DA00E3FFE8 /* Debug */ = {
			isa = XCBuildConfiguration;
			buildSettings = {
				ALWAYS_SEARCH_USER_PATHS = NO;
				CLANG_ANALYZER_NONNULL = YES;
				CLANG_CXX_LANGUAGE_STANDARD = "gnu++0x";
				CLANG_CXX_LIBRARY = "libc++";
				CLANG_ENABLE_MODULES = YES;
				CLANG_ENABLE_OBJC_ARC = YES;
				CLANG_WARN_BOOL_CONVERSION = YES;
				CLANG_WARN_CONSTANT_CONVERSION = YES;
				CLANG_WARN_DIRECT_OBJC_ISA_USAGE = YES_ERROR;
				CLANG_WARN_EMPTY_BODY = YES;
				CLANG_WARN_ENUM_CONVERSION = YES;
				CLANG_WARN_INT_CONVERSION = YES;
				CLANG_WARN_OBJC_ROOT_CLASS = YES_ERROR;
				CLANG_WARN_UNREACHABLE_CODE = YES;
				CLANG_WARN__DUPLICATE_METHOD_MATCH = YES;
				"CODE_SIGN_IDENTITY[sdk=iphoneos*]" = "iPhone Developer";
				COPY_PHASE_STRIP = NO;
				DEBUG_INFORMATION_FORMAT = dwarf;
				ENABLE_STRICT_OBJC_MSGSEND = YES;
				ENABLE_TESTABILITY = YES;
				GCC_C_LANGUAGE_STANDARD = gnu99;
				GCC_DYNAMIC_NO_PIC = NO;
				GCC_NO_COMMON_BLOCKS = YES;
				GCC_OPTIMIZATION_LEVEL = 0;
				GCC_PREPROCESSOR_DEFINITIONS = (
					"DEBUG=1",
					"$(inherited)",
				);
				GCC_WARN_64_TO_32_BIT_CONVERSION = YES;
				GCC_WARN_ABOUT_RETURN_TYPE = YES_ERROR;
				GCC_WARN_UNDECLARED_SELECTOR = YES;
				GCC_WARN_UNINITIALIZED_AUTOS = YES_AGGRESSIVE;
				GCC_WARN_UNUSED_FUNCTION = YES;
				GCC_WARN_UNUSED_VARIABLE = YES;
				IPHONEOS_DEPLOYMENT_TARGET = 9.3;
				MTL_ENABLE_DEBUG_INFO = YES;
				ONLY_ACTIVE_ARCH = YES;
				SDKROOT = iphoneos;
				SWIFT_OPTIMIZATION_LEVEL = "-Onone";
				TARGETED_DEVICE_FAMILY = "1,2";
			};
			name = Debug;
		};
		38F7B6851D3180DA00E3FFE8 /* Release */ = {
			isa = XCBuildConfiguration;
			buildSettings = {
				ALWAYS_SEARCH_USER_PATHS = NO;
				CLANG_ANALYZER_NONNULL = YES;
				CLANG_CXX_LANGUAGE_STANDARD = "gnu++0x";
				CLANG_CXX_LIBRARY = "libc++";
				CLANG_ENABLE_MODULES = YES;
				CLANG_ENABLE_OBJC_ARC = YES;
				CLANG_WARN_BOOL_CONVERSION = YES;
				CLANG_WARN_CONSTANT_CONVERSION = YES;
				CLANG_WARN_DIRECT_OBJC_ISA_USAGE = YES_ERROR;
				CLANG_WARN_EMPTY_BODY = YES;
				CLANG_WARN_ENUM_CONVERSION = YES;
				CLANG_WARN_INT_CONVERSION = YES;
				CLANG_WARN_OBJC_ROOT_CLASS = YES_ERROR;
				CLANG_WARN_UNREACHABLE_CODE = YES;
				CLANG_WARN__DUPLICATE_METHOD_MATCH = YES;
				"CODE_SIGN_IDENTITY[sdk=iphoneos*]" = "iPhone Developer";
				COPY_PHASE_STRIP = NO;
				DEBUG_INFORMATION_FORMAT = "dwarf-with-dsym";
				ENABLE_NS_ASSERTIONS = NO;
				ENABLE_STRICT_OBJC_MSGSEND = YES;
				GCC_C_LANGUAGE_STANDARD = gnu99;
				GCC_NO_COMMON_BLOCKS = YES;
				GCC_WARN_64_TO_32_BIT_CONVERSION = YES;
				GCC_WARN_ABOUT_RETURN_TYPE = YES_ERROR;
				GCC_WARN_UNDECLARED_SELECTOR = YES;
				GCC_WARN_UNINITIALIZED_AUTOS = YES_AGGRESSIVE;
				GCC_WARN_UNUSED_FUNCTION = YES;
				GCC_WARN_UNUSED_VARIABLE = YES;
				IPHONEOS_DEPLOYMENT_TARGET = 9.3;
				MTL_ENABLE_DEBUG_INFO = NO;
				SDKROOT = iphoneos;
				TARGETED_DEVICE_FAMILY = "1,2";
				VALIDATE_PRODUCT = YES;
			};
			name = Release;
		};
		38F7B6871D3180DA00E3FFE8 /* Debug */ = {
			isa = XCBuildConfiguration;
			baseConfigurationReference = C85923C9B276E699EC78348A /* Pods-Flypostr-iOS.debug.xcconfig */;
			buildSettings = {
				ASSETCATALOG_COMPILER_APPICON_NAME = AppIcon;
				CLANG_ENABLE_MODULES = YES;
				CODE_SIGN_IDENTITY = "iPhone Developer";
				"CODE_SIGN_IDENTITY[sdk=iphoneos*]" = "iPhone Developer";
				INFOPLIST_FILE = "Flypostr-iOS/Info.plist";
				LD_RUNPATH_SEARCH_PATHS = "$(inherited) @executable_path/Frameworks";
				OTHER_LDFLAGS = (
					"$(inherited)",
					"-ObjC",
					"-l\"c++\"",
					"-l\"icucore\"",
					"-l\"sqlite3\"",
					"-l\"z\"",
					"-framework",
					"\"AdSupport\"",
					"-framework",
					"\"AddressBook\"",
					"-framework",
					"\"CFNetwork\"",
					"-framework",
					"\"CoreGraphics\"",
					"-framework",
					"\"FirebaseAnalytics\"",
					"-framework",
					"\"FirebaseDatabase\"",
					"-framework",
					"\"FirebaseInstanceID\"",
					"-framework",
					"\"GoogleInterchangeUtilities\"",
					"-framework",
					"\"GoogleSymbolUtilities\"",
					"-framework",
					"\"GoogleUtilities\"",
					"-framework",
					"\"SafariServices\"",
					"-framework",
					"\"Security\"",
					"-framework",
					"\"StoreKit\"",
					"-framework",
					"\"SystemConfiguration\"",
				);
				PRODUCT_BUNDLE_IDENTIFIER = "li.itcc.Flypostr-iOS";
				PRODUCT_NAME = "$(TARGET_NAME)";
				PROVISIONING_PROFILE = "";
				SWIFT_OBJC_BRIDGING_HEADER = "Flypostr-iOS/Flypostr-iOS-Bridging-Header.h";
				SWIFT_OPTIMIZATION_LEVEL = "-Onone";
			};
			name = Debug;
		};
		38F7B6881D3180DA00E3FFE8 /* Release */ = {
			isa = XCBuildConfiguration;
			baseConfigurationReference = 41FE56501B7A1E708ABB7C46 /* Pods-Flypostr-iOS.release.xcconfig */;
			buildSettings = {
				ASSETCATALOG_COMPILER_APPICON_NAME = AppIcon;
				CLANG_ENABLE_MODULES = YES;
				CODE_SIGN_IDENTITY = "iPhone Developer";
				"CODE_SIGN_IDENTITY[sdk=iphoneos*]" = "iPhone Developer";
				INFOPLIST_FILE = "Flypostr-iOS/Info.plist";
				LD_RUNPATH_SEARCH_PATHS = "$(inherited) @executable_path/Frameworks";
				OTHER_LDFLAGS = (
					"$(inherited)",
					"-ObjC",
					"-l\"c++\"",
					"-l\"icucore\"",
					"-l\"sqlite3\"",
					"-l\"z\"",
					"-framework",
					"\"AdSupport\"",
					"-framework",
					"\"AddressBook\"",
					"-framework",
					"\"CFNetwork\"",
					"-framework",
					"\"CoreGraphics\"",
					"-framework",
					"\"FirebaseAnalytics\"",
					"-framework",
					"\"FirebaseDatabase\"",
					"-framework",
					"\"FirebaseInstanceID\"",
					"-framework",
					"\"GoogleInterchangeUtilities\"",
					"-framework",
					"\"GoogleSymbolUtilities\"",
					"-framework",
					"\"GoogleUtilities\"",
					"-framework",
					"\"SafariServices\"",
					"-framework",
					"\"Security\"",
					"-framework",
					"\"StoreKit\"",
					"-framework",
					"\"SystemConfiguration\"",
				);
				PRODUCT_BUNDLE_IDENTIFIER = "li.itcc.Flypostr-iOS";
				PRODUCT_NAME = "$(TARGET_NAME)";
				PROVISIONING_PROFILE = "";
				SWIFT_OBJC_BRIDGING_HEADER = "Flypostr-iOS/Flypostr-iOS-Bridging-Header.h";
			};
			name = Release;
		};
/* End XCBuildConfiguration section */

/* Begin XCConfigurationList section */
		38F7B66F1D3180D900E3FFE8 /* Build configuration list for PBXProject "Flypostr-iOS" */ = {
			isa = XCConfigurationList;
			buildConfigurations = (
				38F7B6841D3180DA00E3FFE8 /* Debug */,
				38F7B6851D3180DA00E3FFE8 /* Release */,
			);
			defaultConfigurationIsVisible = 0;
			defaultConfigurationName = Release;
		};
		38F7B6861D3180DA00E3FFE8 /* Build configuration list for PBXNativeTarget "Flypostr-iOS" */ = {
			isa = XCConfigurationList;
			buildConfigurations = (
				38F7B6871D3180DA00E3FFE8 /* Debug */,
				38F7B6881D3180DA00E3FFE8 /* Release */,
			);
			defaultConfigurationIsVisible = 0;
			defaultConfigurationName = Release;
		};
/* End XCConfigurationList section */
	};
	rootObject = 38F7B66C1D3180D900E3FFE8 /* Project object */;
}
